{
  "nodes": {
    "nixpkgs": {
      "locked": {
        "lastModified": 1727390236,
        "narHash": "sha256-X2LaWM0WwoxUfu7cQmKyVbkYn0xwdRvBA+vkLg/OgnI=",
        "owner": "nixos",
        "repo": "nixpkgs",
        "rev": "ab7b6889ae9d484eed2876868209e33eb262511d",
        "type": "github"
      },
      "original": {
        "owner": "nixos",
        "repo": "nixpkgs",
        "rev": "ab7b6889ae9d484eed2876868209e33eb262511d",
        "type": "github"
      }
    },
    "root": {
      "inputs": {
        "nixpkgs": "nixpkgs"
      }
    }
  },
  "root": "root",
  "version": 7
}
